{
  "name": "rcc-redis-mock-adapter",
  "version": "1.0.5",
  "lockfileVersion": 1,
  "requires": true,
  "dependencies": {
    "rcc-core": {
      "version": "1.0.4",
      "resolved": "https://registry.npmjs.org/rcc-core/-/rcc-core-1.0.4.tgz",
      "integrity": "sha512-b8YZFX4wjgbAwe+XNxGj6/vm9SQEDVAuitCIu2/jMqDYTvcpua8IqC4RFPmdcEWXM+Qz/SIozkrmrlQU0pNvzQ=="
    },
    "redis-mock": {
      "version": "0.21.0",
      "resolved": "https://registry.npmjs.org/redis-mock/-/redis-mock-0.21.0.tgz",
      "integrity": "sha512-AkLaD8JFrcQKFOklYsbocdqZ2hof69VQKOhH4uh5hAQuu0b/TaSlHyM2LSmE+8ZOYc6dNJzuYkQ6vQ1CRM122w=="
    }
  }
}
